{
    "_readme": [
        "This file locks the dependencies of your project to a known state",
        "Read more about it at https://getcomposer.org/doc/01-basic-usage.md#installing-dependencies",
        "This file is @generated automatically"
    ],
    "content-hash": "2a75c2e30b12beea9f8be7312cd782f0",
    "packages": [
        {
            "name": "laravel-ja/comja5",
            "version": "1.0.18",
            "source": {
                "type": "git",
                "url": "https://github.com/laravel-ja/comja5.git",
                "reference": "419852aab174650c645af610464a3d5237dab188"
            },
            "dist": {
                "type": "zip",
                "url": "https://api.github.com/repos/laravel-ja/comja5/zipball/419852aab174650c645af610464a3d5237dab188",
                "reference": "419852aab174650c645af610464a3d5237dab188",
                "shasum": ""
            },
            "require": {
                "php": ">=5.4"
            },
            "require-dev": {
                "mockery/mockery": "dev-master",
                "phpunit/phpunit": "4.5.0"
            },
            "bin": [
                "bin/comja5"
            ],
            "type": "library",
            "autoload": {
                "psr-4": {
                    "Comja\\": "Comja/"
                },
                "files": [
                    "helper.php"
                ]
            },
            "notification-url": "https://packagist.org/downloads/",
            "license": [
                "MIT"
            ],
            "authors": [
                {
                    "name": "Hirohisa Kawase",
                    "email": "hiro.soft@gmail.com",
                    "role": "developer"
                }
            ],
            "description": "Translate comments in laravel/laravel 5.* project to Japanese",
            "keywords": [
                "japanese",
                "laravel",
                "resource"
            ],
            "time": "2017-02-06T06:39:37+00:00"
        }
    ],
    "packages-dev": [],
    "aliases": [],
    "minimum-stability": "stable",
    "stability-flags": [],
    "prefer-stable": false,
    "prefer-lowest": false,
    "platform": [],
    "platform-dev": []
}
